
Microsoft Visual Studio Solution File, Format Version 12.00
# Visual Studio Version 17
VisualStudioVersion = 17.9.34728.123
MinimumVisualStudioVersion = 10.0.40219.1
Project("{FAE04EC0-301F-11D3-BF4B-00C04F79EFBC}") = "MyEntitiesDLL", "MyEntitiesDLL\MyEntitiesDLL.csproj", "{BA8CD0F1-0F36-405F-9F48-16676D570282}"
EndProject
Global
	GlobalSection(SolutionConfigurationPlatforms) = preSolution
		Debug|Any CPU = Debug|Any CPU
		Release|Any CPU = Release|Any CPU
	EndGlobalSection
	GlobalSection(ProjectConfigurationPlatforms) = postSolution
		{BA8CD0F1-0F36-405F-9F48-16676D570282}.Debug|Any CPU.ActiveCfg = Debug|Any CPU
		{BA8CD0F1-0F36-405F-9F48-16676D570282}.Debug|Any CPU.Build.0 = Debug|Any CPU
		{BA8CD0F1-0F36-405F-9F48-16676D570282}.Release|Any CPU.ActiveCfg = Release|Any CPU
		{BA8CD0F1-0F36-405F-9F48-16676D570282}.Release|Any CPU.Build.0 = Release|Any CPU
	EndGlobalSection
	GlobalSection(SolutionProperties) = preSolution
		HideSolutionNode = FALSE
	EndGlobalSection
	GlobalSection(ExtensibilityGlobals) = postSolution
		SolutionGuid = {633F7DA6-EE8A-4E5F-832D-42DB526CD3A6}
	EndGlobalSection
EndGlobal
